// !$*UTF8*$!
{
	archiveVersion = 1;
	classes = {
	};
	objectVersion = 50;
	objects = {

/* Begin PBXBuildFile section */
		ECB6C97826D14555007D134C /* Tests_iOS.swift in Sources */ = {isa = PBXBuildFile; fileRef = ECB6C97726D14555007D134C /* Tests_iOS.swift */; };
		ECB6C98326D14555007D134C /* Tests_macOS.swift in Sources */ = {isa = PBXBuildFile; fileRef = ECB6C98226D14555007D134C /* Tests_macOS.swift */; };
		ECB6C98526D14555007D134C /* EmojiArt_MultiplatformApp.swift in Sources */ = {isa = PBXBuildFile; fileRef = ECB6C95C26D14552007D134C /* EmojiArt_MultiplatformApp.swift */; };
		ECB6C98626D14555007D134C /* EmojiArt_MultiplatformApp.swift in Sources */ = {isa = PBXBuildFile; fileRef = ECB6C95C26D14552007D134C /* EmojiArt_MultiplatformApp.swift */; };
		ECB6C98726D14555007D134C /* ContentView.swift in Sources */ = {isa = PBXBuildFile; fileRef = ECB6C95D26D14552007D134C /* ContentView.swift */; };
		ECB6C98826D14555007D134C /* ContentView.swift in Sources */ = {isa = PBXBuildFile; fileRef = ECB6C95D26D14552007D134C /* ContentView.swift */; };
		ECB6C98926D14555007D134C /* Assets.xcassets in Resources */ = {isa = PBXBuildFile; fileRef = ECB6C95E26D14555007D134C /* Assets.xcassets */; };
		ECB6C98A26D14555007D134C /* Assets.xcassets in Resources */ = {isa = PBXBuildFile; fileRef = ECB6C95E26D14555007D134C /* Assets.xcassets */; };
/* End PBXBuildFile section */

/* Begin PBXContainerItemProxy section */
		ECB6C97426D14555007D134C /* PBXContainerItemProxy */ = {
			isa = PBXContainerItemProxy;
			containerPortal = ECB6C95726D14551007D134C /* Project object */;
			proxyType = 1;
			remoteGlobalIDString = ECB6C96226D14555007D134C;
			remoteInfo = "EmojiArt-Multiplatform (iOS)";
		};
		ECB6C97F26D14555007D134C /* PBXContainerItemProxy */ = {
			isa = PBXContainerItemProxy;
			containerPortal = ECB6C95726D14551007D134C /* Project object */;
			proxyType = 1;
			remoteGlobalIDString = ECB6C96A26D14555007D134C;
			remoteInfo = "EmojiArt-Multiplatform (macOS)";
		};
/* End PBXContainerItemProxy section */

/* Begin PBXFileReference section */
		ECB6C95C26D14552007D134C /* EmojiArt_MultiplatformApp.swift */ = {isa = PBXFileReference; lastKnownFileType = sourcecode.swift; path = EmojiArt_MultiplatformApp.swift; sourceTree = "<group>"; };
		ECB6C95D26D14552007D134C /* ContentView.swift */ = {isa = PBXFileReference; lastKnownFileType = sourcecode.swift; path = ContentView.swift; sourceTree = "<group>"; };
		ECB6C95E26D14555007D134C /* Assets.xcassets */ = {isa = PBXFileReference; lastKnownFileType = folder.assetcatalog; path = Assets.xcassets; sourceTree = "<group>"; };
		ECB6C96326D14555007D134C /* EmojiArt-Multiplatform.app */ = {isa = PBXFileReference; explicitFileType = wrapper.application; includeInIndex = 0; path = "EmojiArt-Multiplatform.app"; sourceTree = BUILT_PRODUCTS_DIR; };
		ECB6C96626D14555007D134C /* Info.plist */ = {isa = PBXFileReference; lastKnownFileType = text.plist.xml; path = Info.plist; sourceTree = "<group>"; };
		ECB6C96B26D14555007D134C /* EmojiArt-Multiplatform.app */ = {isa = PBXFileReference; explicitFileType = wrapper.application; includeInIndex = 0; path = "EmojiArt-Multiplatform.app"; sourceTree = BUILT_PRODUCTS_DIR; };
		ECB6C96D26D14555007D134C /* Info.plist */ = {isa = PBXFileReference; lastKnownFileType = text.plist.xml; path = Info.plist; sourceTree = "<group>"; };
		ECB6C96E26D14555007D134C /* macOS.entitlements */ = {isa = PBXFileReference; lastKnownFileType = text.plist.entitlements; path = macOS.entitlements; sourceTree = "<group>"; };
		ECB6C97326D14555007D134C /* Tests iOS.xctest */ = {isa = PBXFileReference; explicitFileType = wrapper.cfbundle; includeInIndex = 0; path = "Tests iOS.xctest"; sourceTree = BUILT_PRODUCTS_DIR; };
		ECB6C97726D14555007D134C /* Tests_iOS.swift */ = {isa = PBXFileReference; lastKnownFileType = sourcecode.swift; path = Tests_iOS.swift; sourceTree = "<group>"; };
		ECB6C97926D14555007D134C /* Info.plist */ = {isa = PBXFileReference; lastKnownFileType = text.plist.xml; path = Info.plist; sourceTree = "<group>"; };
		ECB6C97E26D14555007D134C /* Tests macOS.xctest */ = {isa = PBXFileReference; explicitFileType = wrapper.cfbundle; includeInIndex = 0; path = "Tests macOS.xctest"; sourceTree = BUILT_PRODUCTS_DIR; };
		ECB6C98226D14555007D134C /* Tests_macOS.swift */ = {isa = PBXFileReference; lastKnownFileType = sourcecode.swift; path = Tests_macOS.swift; sourceTree = "<group>"; };
		ECB6C98426D14555007D134C /* Info.plist */ = {isa = PBXFileReference; lastKnownFileType = text.plist.xml; path = Info.plist; sourceTree = "<group>"; };
/* End PBXFileReference section */

/* Begin PBXFrameworksBuildPhase section */
		ECB6C96026D14555007D134C /* Frameworks */ = {
			isa = PBXFrameworksBuildPhase;
			buildActionMask = 2147483647;
			files = (
			);
			runOnlyForDeploymentPostprocessing = 0;
		};
		ECB6C96826D14555007D134C /* Frameworks */ = {
			isa = PBXFrameworksBuildPhase;
			buildActionMask = 2147483647;
			files = (
			);
			runOnlyForDeploymentPostprocessing = 0;
		};
		ECB6C97026D14555007D134C /* Frameworks */ = {
			isa = PBXFrameworksBuildPhase;
			buildActionMask = 2147483647;
			files = (
			);
			runOnlyForDeploymentPostprocessing = 0;
		};
		ECB6C97B26D14555007D134C /* Frameworks */ = {
			isa = PBXFrameworksBuildPhase;
			buildActionMask = 2147483647;
			files = (
			);
			runOnlyForDeploymentPostprocessing = 0;
		};
/* End PBXFrameworksBuildPhase section */

/* Begin PBXGroup section */
		ECB6C95626D14551007D134C = {
			isa = PBXGroup;
			children = (
				ECB6C95B26D14552007D134C /* Shared */,
				ECB6C96526D14555007D134C /* iOS */,
				ECB6C96C26D14555007D134C /* macOS */,
				ECB6C97626D14555007D134C /* Tests iOS */,
				ECB6C98126D14555007D134C /* Tests macOS */,
				ECB6C96426D14555007D134C /* Products */,
			);
			sourceTree = "<group>";
		};
		ECB6C95B26D14552007D134C /* Shared */ = {
			isa = PBXGroup;
			children = (
				ECB6C95C26D14552007D134C /* EmojiArt_MultiplatformApp.swift */,
				ECB6C95D26D14552007D134C /* ContentView.swift */,
				ECB6C95E26D14555007D134C /* Assets.xcassets */,
			);
			path = Shared;
			sourceTree = "<group>";
		};
		ECB6C96426D14555007D134C /* Products */ = {
			isa = PBXGroup;
			children = (
				ECB6C96326D14555007D134C /* EmojiArt-Multiplatform.app */,
				ECB6C96B26D14555007D134C /* EmojiArt-Multiplatform.app */,
				ECB6C97326D14555007D134C /* Tests iOS.xctest */,
				ECB6C97E26D14555007D134C /* Tests macOS.xctest */,
			);
			name = Products;
			sourceTree = "<group>";
		};
		ECB6C96526D14555007D134C /* iOS */ = {
			isa = PBXGroup;
			children = (
				ECB6C96626D14555007D134C /* Info.plist */,
			);
			path = iOS;
			sourceTree = "<group>";
		};
		ECB6C96C26D14555007D134C /* macOS */ = {
			isa = PBXGroup;
			children = (
				ECB6C96D26D14555007D134C /* Info.plist */,
				ECB6C96E26D14555007D134C /* macOS.entitlements */,
			);
			path = macOS;
			sourceTree = "<group>";
		};
		ECB6C97626D14555007D134C /* Tests iOS */ = {
			isa = PBXGroup;
			children = (
				ECB6C97726D14555007D134C /* Tests_iOS.swift */,
				ECB6C97926D14555007D134C /* Info.plist */,
			);
			path = "Tests iOS";
			sourceTree = "<group>";
		};
		ECB6C98126D14555007D134C /* Tests macOS */ = {
			isa = PBXGroup;
			children = (
				ECB6C98226D14555007D134C /* Tests_macOS.swift */,
				ECB6C98426D14555007D134C /* Info.plist */,
			);
			path = "Tests macOS";
			sourceTree = "<group>";
		};
/* End PBXGroup section */

/* Begin PBXNativeTarget section */
		ECB6C96226D14555007D134C /* EmojiArt-Multiplatform (iOS) */ = {
			isa = PBXNativeTarget;
			buildConfigurationList = ECB6C98D26D14555007D134C /* Build configuration list for PBXNativeTarget "EmojiArt-Multiplatform (iOS)" */;
			buildPhases = (
				ECB6C95F26D14555007D134C /* Sources */,
				ECB6C96026D14555007D134C /* Frameworks */,
				ECB6C96126D14555007D134C /* Resources */,
			);
			buildRules = (
			);
			dependencies = (
			);
			name = "EmojiArt-Multiplatform (iOS)";
			productName = "EmojiArt-Multiplatform (iOS)";
			productReference = ECB6C96326D14555007D134C /* EmojiArt-Multiplatform.app */;
			productType = "com.apple.product-type.application";
		};
		ECB6C96A26D14555007D134C /* EmojiArt-Multiplatform (macOS) */ = {
			isa = PBXNativeTarget;
			buildConfigurationList = ECB6C99026D14555007D134C /* Build configuration list for PBXNativeTarget "EmojiArt-Multiplatform (macOS)" */;
			buildPhases = (
				ECB6C96726D14555007D134C /* Sources */,
				ECB6C96826D14555007D134C /* Frameworks */,
				ECB6C96926D14555007D134C /* Resources */,
			);
			buildRules = (
			);
			dependencies = (
			);
			name = "EmojiArt-Multiplatform (macOS)";
			productName = "EmojiArt-Multiplatform (macOS)";
			productReference = ECB6C96B26D14555007D134C /* EmojiArt-Multiplatform.app */;
			productType = "com.apple.product-type.application";
		};
		ECB6C97226D14555007D134C /* Tests iOS */ = {
			isa = PBXNativeTarget;
			buildConfigurationList = ECB6C99326D14555007D134C /* Build configuration list for PBXNativeTarget "Tests iOS" */;
			buildPhases = (
				ECB6C96F26D14555007D134C /* Sources */,
				ECB6C97026D14555007D134C /* Frameworks */,
				ECB6C97126D14555007D134C /* Resources */,
			);
			buildRules = (
			);
			dependencies = (
				ECB6C97526D14555007D134C /* PBXTargetDependency */,
			);
			name = "Tests iOS";
			productName = "Tests iOS";
			productReference = ECB6C97326D14555007D134C /* Tests iOS.xctest */;
			productType = "com.apple.product-type.bundle.ui-testing";
		};
		ECB6C97D26D14555007D134C /* Tests macOS */ = {
			isa = PBXNativeTarget;
			buildConfigurationList = ECB6C99626D14555007D134C /* Build configuration list for PBXNativeTarget "Tests macOS" */;
			buildPhases = (
				ECB6C97A26D14555007D134C /* Sources */,
				ECB6C97B26D14555007D134C /* Frameworks */,
				ECB6C97C26D14555007D134C /* Resources */,
			);
			buildRules = (
			);
			dependencies = (
				ECB6C98026D14555007D134C /* PBXTargetDependency */,
			);
			name = "Tests macOS";
			productName = "Tests macOS";
			productReference = ECB6C97E26D14555007D134C /* Tests macOS.xctest */;
			productType = "com.apple.product-type.bundle.ui-testing";
		};
/* End PBXNativeTarget section */

/* Begin PBXProject section */
		ECB6C95726D14551007D134C /* Project object */ = {
			isa = PBXProject;
			attributes = {
				LastSwiftUpdateCheck = 1250;
				LastUpgradeCheck = 1250;
				TargetAttributes = {
					ECB6C96226D14555007D134C = {
						CreatedOnToolsVersion = 12.5.1;
					};
					ECB6C96A26D14555007D134C = {
						CreatedOnToolsVersion = 12.5.1;
					};
					ECB6C97226D14555007D134C = {
						CreatedOnToolsVersion = 12.5.1;
						TestTargetID = ECB6C96226D14555007D134C;
					};
					ECB6C97D26D14555007D134C = {
						CreatedOnToolsVersion = 12.5.1;
						TestTargetID = ECB6C96A26D14555007D134C;
					};
				};
			};
			buildConfigurationList = ECB6C95A26D14551007D134C /* Build configuration list for PBXProject "EmojiArt-Multiplatform" */;
			compatibilityVersion = "Xcode 9.3";
			developmentRegion = en;
			hasScannedForEncodings = 0;
			knownRegions = (
				en,
				Base,
			);
			mainGroup = ECB6C95626D14551007D134C;
			productRefGroup = ECB6C96426D14555007D134C /* Products */;
			projectDirPath = "";
			projectRoot = "";
			targets = (
				ECB6C96226D14555007D134C /* EmojiArt-Multiplatform (iOS) */,
				ECB6C96A26D14555007D134C /* EmojiArt-Multiplatform (macOS) */,
				ECB6C97226D14555007D134C /* Tests iOS */,
				ECB6C97D26D14555007D134C /* Tests macOS */,
			);
		};
/* End PBXProject section */

/* Begin PBXResourcesBuildPhase section */
		ECB6C96126D14555007D134C /* Resources */ = {
			isa = PBXResourcesBuildPhase;
			buildActionMask = 2147483647;
			files = (
				ECB6C98926D14555007D134C /* Assets.xcassets in Resources */,
			);
			runOnlyForDeploymentPostprocessing = 0;
		};
		ECB6C96926D14555007D134C /* Resources */ = {
			isa = PBXResourcesBuildPhase;
			buildActionMask = 2147483647;
			files = (
				ECB6C98A26D14555007D134C /* Assets.xcassets in Resources */,
			);
			runOnlyForDeploymentPostprocessing = 0;
		};
		ECB6C97126D14555007D134C /* Resources */ = {
			isa = PBXResourcesBuildPhase;
			buildActionMask = 2147483647;
			files = (
			);
			runOnlyForDeploymentPostprocessing = 0;
		};
		ECB6C97C26D14555007D134C /* Resources */ = {
			isa = PBXResourcesBuildPhase;
			buildActionMask = 2147483647;
			files = (
			);
			runOnlyForDeploymentPostprocessing = 0;
		};
/* End PBXResourcesBuildPhase section */

/* Begin PBXSourcesBuildPhase section */
		ECB6C95F26D14555007D134C /* Sources */ = {
			isa = PBXSourcesBuildPhase;
			buildActionMask = 2147483647;
			files = (
				ECB6C98726D14555007D134C /* ContentView.swift in Sources */,
				ECB6C98526D14555007D134C /* EmojiArt_MultiplatformApp.swift in Sources */,
			);
			runOnlyForDeploymentPostprocessing = 0;
		};
		ECB6C96726D14555007D134C /* Sources */ = {
			isa = PBXSourcesBuildPhase;
			buildActionMask = 2147483647;
			files = (
				ECB6C98826D14555007D134C /* ContentView.swift in Sources */,
				ECB6C98626D14555007D134C /* EmojiArt_MultiplatformApp.swift in Sources */,
			);
			runOnlyForDeploymentPostprocessing = 0;
		};
		ECB6C96F26D14555007D134C /* Sources */ = {
			isa = PBXSourcesBuildPhase;
			buildActionMask = 2147483647;
			files = (
				ECB6C97826D14555007D134C /* Tests_iOS.swift in Sources */,
			);
			runOnlyForDeploymentPostprocessing = 0;
		};
		ECB6C97A26D14555007D134C /* Sources */ = {
			isa = PBXSourcesBuildPhase;
			buildActionMask = 2147483647;
			files = (
				ECB6C98326D14555007D134C /* Tests_macOS.swift in Sources */,
			);
			runOnlyForDeploymentPostprocessing = 0;
		};
/* End PBXSourcesBuildPhase section */

/* Begin PBXTargetDependency section */
		ECB6C97526D14555007D134C /* PBXTargetDependency */ = {
			isa = PBXTargetDependency;
			target = ECB6C96226D14555007D134C /* EmojiArt-Multiplatform (iOS) */;
			targetProxy = ECB6C97426D14555007D134C /* PBXContainerItemProxy */;
		};
		ECB6C98026D14555007D134C /* PBXTargetDependency */ = {
			isa = PBXTargetDependency;
			target = ECB6C96A26D14555007D134C /* EmojiArt-Multiplatform (macOS) */;
			targetProxy = ECB6C97F26D14555007D134C /* PBXContainerItemProxy */;
		};
/* End PBXTargetDependency section */

/* Begin XCBuildConfiguration section */
		ECB6C98B26D14555007D134C /* Debug */ = {
			isa = XCBuildConfiguration;
			buildSettings = {
				ALWAYS_SEARCH_USER_PATHS = NO;
				CLANG_ANALYZER_NONNULL = YES;
				CLANG_ANALYZER_NUMBER_OBJECT_CONVERSION = YES_AGGRESSIVE;
				CLANG_CXX_LANGUAGE_STANDARD = "gnu++14";
				CLANG_CXX_LIBRARY = "libc++";
				CLANG_ENABLE_MODULES = YES;
				CLANG_ENABLE_OBJC_ARC = YES;
				CLANG_ENABLE_OBJC_WEAK = YES;
				CLANG_WARN_BLOCK_CAPTURE_AUTORELEASING = YES;
				CLANG_WARN_BOOL_CONVERSION = YES;
				CLANG_WARN_COMMA = YES;
				CLANG_WARN_CONSTANT_CONVERSION = YES;
				CLANG_WARN_DEPRECATED_OBJC_IMPLEMENTATIONS = YES;
				CLANG_WARN_DIRECT_OBJC_ISA_USAGE = YES_ERROR;
				CLANG_WARN_DOCUMENTATION_COMMENTS = YES;
				CLANG_WARN_EMPTY_BODY = YES;
				CLANG_WARN_ENUM_CONVERSION = YES;
				CLANG_WARN_INFINITE_RECURSION = YES;
				CLANG_WARN_INT_CONVERSION = YES;
				CLANG_WARN_NON_LITERAL_NULL_CONVERSION = YES;
				CLANG_WARN_OBJC_IMPLICIT_RETAIN_SELF = YES;
				CLANG_WARN_OBJC_LITERAL_CONVERSION = YES;
				CLANG_WARN_OBJC_ROOT_CLASS = YES_ERROR;
				CLANG_WARN_QUOTED_INCLUDE_IN_FRAMEWORK_HEADER = YES;
				CLANG_WARN_RANGE_LOOP_ANALYSIS = YES;
				CLANG_WARN_STRICT_PROTOTYPES = YES;
				CLANG_WARN_SUSPICIOUS_MOVE = YES;
				CLANG_WARN_UNGUARDED_AVAILABILITY = YES_AGGRESSIVE;
				CLANG_WARN_UNREACHABLE_CODE = YES;
				CLANG_WARN__DUPLICATE_METHOD_MATCH = YES;
				COPY_PHASE_STRIP = NO;
				DEBUG_INFORMATION_FORMAT = dwarf;
				ENABLE_STRICT_OBJC_MSGSEND = YES;
				ENABLE_TESTABILITY = YES;
				GCC_C_LANGUAGE_STANDARD = gnu11;
				GCC_DYNAMIC_NO_PIC = NO;
				GCC_NO_COMMON_BLOCKS = YES;
				GCC_OPTIMIZATION_LEVEL = 0;
				GCC_PREPROCESSOR_DEFINITIONS = (
					"DEBUG=1",
					"$(inherited)",
				);
				GCC_WARN_64_TO_32_BIT_CONVERSION = YES;
				GCC_WARN_ABOUT_RETURN_TYPE = YES_ERROR;
				GCC_WARN_UNDECLARED_SELECTOR = YES;
				GCC_WARN_UNINITIALIZED_AUTOS = YES_AGGRESSIVE;
				GCC_WARN_UNUSED_FUNCTION = YES;
				GCC_WARN_UNUSED_VARIABLE = YES;
				MTL_ENABLE_DEBUG_INFO = INCLUDE_SOURCE;
				MTL_FAST_MATH = YES;
				ONLY_ACTIVE_ARCH = YES;
				SWIFT_ACTIVE_COMPILATION_CONDITIONS = DEBUG;
				SWIFT_OPTIMIZATION_LEVEL = "-Onone";
			};
			name = Debug;
		};
		ECB6C98C26D14555007D134C /* Release */ = {
			isa = XCBuildConfiguration;
			buildSettings = {
				ALWAYS_SEARCH_USER_PATHS = NO;
				CLANG_ANALYZER_NONNULL = YES;
				CLANG_ANALYZER_NUMBER_OBJECT_CONVERSION = YES_AGGRESSIVE;
				CLANG_CXX_LANGUAGE_STANDARD = "gnu++14";
				CLANG_CXX_LIBRARY = "libc++";
				CLANG_ENABLE_MODULES = YES;
				CLANG_ENABLE_OBJC_ARC = YES;
				CLANG_ENABLE_OBJC_WEAK = YES;
				CLANG_WARN_BLOCK_CAPTURE_AUTORELEASING = YES;
				CLANG_WARN_BOOL_CONVERSION = YES;
				CLANG_WARN_COMMA = YES;
				CLANG_WARN_CONSTANT_CONVERSION = YES;
				CLANG_WARN_DEPRECATED_OBJC_IMPLEMENTATIONS = YES;
				CLANG_WARN_DIRECT_OBJC_ISA_USAGE = YES_ERROR;
				CLANG_WARN_DOCUMENTATION_COMMENTS = YES;
				CLANG_WARN_EMPTY_BODY = YES;
				CLANG_WARN_ENUM_CONVERSION = YES;
				CLANG_WARN_INFINITE_RECURSION = YES;
				CLANG_WARN_INT_CONVERSION = YES;
				CLANG_WARN_NON_LITERAL_NULL_CONVERSION = YES;
				CLANG_WARN_OBJC_IMPLICIT_RETAIN_SELF = YES;
				CLANG_WARN_OBJC_LITERAL_CONVERSION = YES;
				CLANG_WARN_OBJC_ROOT_CLASS = YES_ERROR;
				CLANG_WARN_QUOTED_INCLUDE_IN_FRAMEWORK_HEADER = YES;
				CLANG_WARN_RANGE_LOOP_ANALYSIS = YES;
				CLANG_WARN_STRICT_PROTOTYPES = YES;
				CLANG_WARN_SUSPICIOUS_MOVE = YES;
				CLANG_WARN_UNGUARDED_AVAILABILITY = YES_AGGRESSIVE;
				CLANG_WARN_UNREACHABLE_CODE = YES;
				CLANG_WARN__DUPLICATE_METHOD_MATCH = YES;
				COPY_PHASE_STRIP = NO;
				DEBUG_INFORMATION_FORMAT = "dwarf-with-dsym";
				ENABLE_NS_ASSERTIONS = NO;
				ENABLE_STRICT_OBJC_MSGSEND = YES;
				GCC_C_LANGUAGE_STANDARD = gnu11;
				GCC_NO_COMMON_BLOCKS = YES;
				GCC_WARN_64_TO_32_BIT_CONVERSION = YES;
				GCC_WARN_ABOUT_RETURN_TYPE = YES_ERROR;
				GCC_WARN_UNDECLARED_SELECTOR = YES;
				GCC_WARN_UNINITIALIZED_AUTOS = YES_AGGRESSIVE;
				GCC_WARN_UNUSED_FUNCTION = YES;
				GCC_WARN_UNUSED_VARIABLE = YES;
				MTL_ENABLE_DEBUG_INFO = NO;
				MTL_FAST_MATH = YES;
				SWIFT_COMPILATION_MODE = wholemodule;
				SWIFT_OPTIMIZATION_LEVEL = "-O";
			};
			name = Release;
		};
		ECB6C98E26D14555007D134C /* Debug */ = {
			isa = XCBuildConfiguration;
			buildSettings = {
				ASSETCATALOG_COMPILER_APPICON_NAME = AppIcon;
				ASSETCATALOG_COMPILER_GLOBAL_ACCENT_COLOR_NAME = AccentColor;
				CODE_SIGN_STYLE = Automatic;
				DEVELOPMENT_TEAM = R82LPA7ZRT;
				ENABLE_PREVIEWS = YES;
				INFOPLIST_FILE = iOS/Info.plist;
				IPHONEOS_DEPLOYMENT_TARGET = 14.0;
				LD_RUNPATH_SEARCH_PATHS = (
					"$(inherited)",
					"@executable_path/Frameworks",
				);
				PRODUCT_BUNDLE_IDENTIFIER = "com.jasonyangjizheng.EmojiArt-Multiplatform";
				PRODUCT_NAME = "EmojiArt-Multiplatform";
				SDKROOT = iphoneos;
				SWIFT_VERSION = 5.0;
				TARGETED_DEVICE_FAMILY = "1,2";
			};
			name = Debug;
		};
		ECB6C98F26D14555007D134C /* Release */ = {
			isa = XCBuildConfiguration;
			buildSettings = {
				ASSETCATALOG_COMPILER_APPICON_NAME = AppIcon;
				ASSETCATALOG_COMPILER_GLOBAL_ACCENT_COLOR_NAME = AccentColor;
				CODE_SIGN_STYLE = Automatic;
				DEVELOPMENT_TEAM = R82LPA7ZRT;
				ENABLE_PREVIEWS = YES;
				INFOPLIST_FILE = iOS/Info.plist;
				IPHONEOS_DEPLOYMENT_TARGET = 14.0;
				LD_RUNPATH_SEARCH_PATHS = (
					"$(inherited)",
					"@executable_path/Frameworks",
				);
				PRODUCT_BUNDLE_IDENTIFIER = "com.jasonyangjizheng.EmojiArt-Multiplatform";
				PRODUCT_NAME = "EmojiArt-Multiplatform";
				SDKROOT = iphoneos;
				SWIFT_VERSION = 5.0;
				TARGETED_DEVICE_FAMILY = "1,2";
				VALIDATE_PRODUCT = YES;
			};
			name = Release;
		};
		ECB6C99126D14555007D134C /* Debug */ = {
			isa = XCBuildConfiguration;
			buildSettings = {
				ASSETCATALOG_COMPILER_APPICON_NAME = AppIcon;
				ASSETCATALOG_COMPILER_GLOBAL_ACCENT_COLOR_NAME = AccentColor;
				CODE_SIGN_ENTITLEMENTS = macOS/macOS.entitlements;
				CODE_SIGN_STYLE = Automatic;
				COMBINE_HIDPI_IMAGES = YES;
				DEVELOPMENT_TEAM = R82LPA7ZRT;
				ENABLE_HARDENED_RUNTIME = YES;
				ENABLE_PREVIEWS = YES;
				INFOPLIST_FILE = macOS/Info.plist;
				LD_RUNPATH_SEARCH_PATHS = (
					"$(inherited)",
					"@executable_path/../Frameworks",
				);
				MACOSX_DEPLOYMENT_TARGET = 11.0;
				PRODUCT_BUNDLE_IDENTIFIER = "com.jasonyangjizheng.EmojiArt-Multiplatform";
				PRODUCT_NAME = "EmojiArt-Multiplatform";
				SDKROOT = macosx;
				SWIFT_VERSION = 5.0;
			};
			name = Debug;
		};
		ECB6C99226D14555007D134C /* Release */ = {
			isa = XCBuildConfiguration;
			buildSettings = {
				ASSETCATALOG_COMPILER_APPICON_NAME = AppIcon;
				ASSETCATALOG_COMPILER_GLOBAL_ACCENT_COLOR_NAME = AccentColor;
				CODE_SIGN_ENTITLEMENTS = macOS/macOS.entitlements;
				CODE_SIGN_STYLE = Automatic;
				COMBINE_HIDPI_IMAGES = YES;
				DEVELOPMENT_TEAM = R82LPA7ZRT;
				ENABLE_HARDENED_RUNTIME = YES;
				ENABLE_PREVIEWS = YES;
				INFOPLIST_FILE = macOS/Info.plist;
				LD_RUNPATH_SEARCH_PATHS = (
					"$(inherited)",
					"@executable_path/../Frameworks",
				);
				MACOSX_DEPLOYMENT_TARGET = 11.0;
				PRODUCT_BUNDLE_IDENTIFIER = "com.jasonyangjizheng.EmojiArt-Multiplatform";
				PRODUCT_NAME = "EmojiArt-Multiplatform";
				SDKROOT = macosx;
				SWIFT_VERSION = 5.0;
			};
			name = Release;
		};
		ECB6C99426D14555007D134C /* Debug */ = {
			isa = XCBuildConfiguration;
			buildSettings = {
				ALWAYS_EMBED_SWIFT_STANDARD_LIBRARIES = YES;
				CODE_SIGN_STYLE = Automatic;
				DEVELOPMENT_TEAM = R82LPA7ZRT;
				INFOPLIST_FILE = "Tests iOS/Info.plist";
				IPHONEOS_DEPLOYMENT_TARGET = 14.5;
				LD_RUNPATH_SEARCH_PATHS = (
					"$(inherited)",
					"@executable_path/Frameworks",
					"@loader_path/Frameworks",
				);
				PRODUCT_BUNDLE_IDENTIFIER = "com.jasonyangjizheng.Tests-iOS";
				PRODUCT_NAME = "$(TARGET_NAME)";
				SDKROOT = iphoneos;
				SWIFT_VERSION = 5.0;
				TARGETED_DEVICE_FAMILY = "1,2";
				TEST_TARGET_NAME = "EmojiArt-Multiplatform (iOS)";
			};
			name = Debug;
		};
		ECB6C99526D14555007D134C /* Release */ = {
			isa = XCBuildConfiguration;
			buildSettings = {
				ALWAYS_EMBED_SWIFT_STANDARD_LIBRARIES = YES;
				CODE_SIGN_STYLE = Automatic;
				DEVELOPMENT_TEAM = R82LPA7ZRT;
				INFOPLIST_FILE = "Tests iOS/Info.plist";
				IPHONEOS_DEPLOYMENT_TARGET = 14.5;
				LD_RUNPATH_SEARCH_PATHS = (
					"$(inherited)",
					"@executable_path/Frameworks",
					"@loader_path/Frameworks",
				);
				PRODUCT_BUNDLE_IDENTIFIER = "com.jasonyangjizheng.Tests-iOS";
				PRODUCT_NAME = "$(TARGET_NAME)";
				SDKROOT = iphoneos;
				SWIFT_VERSION = 5.0;
				TARGETED_DEVICE_FAMILY = "1,2";
				TEST_TARGET_NAME = "EmojiArt-Multiplatform (iOS)";
				VALIDATE_PRODUCT = YES;
			};
			name = Release;
		};
		ECB6C99726D14555007D134C /* Debug */ = {
			isa = XCBuildConfiguration;
			buildSettings = {
				ALWAYS_EMBED_SWIFT_STANDARD_LIBRARIES = YES;
				CODE_SIGN_STYLE = Automatic;
				COMBINE_HIDPI_IMAGES = YES;
				DEVELOPMENT_TEAM = R82LPA7ZRT;
				INFOPLIST_FILE = "Tests macOS/Info.plist";
				LD_RUNPATH_SEARCH_PATHS = (
					"$(inherited)",
					"@executable_path/../Frameworks",
					"@loader_path/../Frameworks",
				);
				MACOSX_DEPLOYMENT_TARGET = 11.3;
				PRODUCT_BUNDLE_IDENTIFIER = "com.jasonyangjizheng.Tests-macOS";
				PRODUCT_NAME = "$(TARGET_NAME)";
				SDKROOT = macosx;
				SWIFT_VERSION = 5.0;
				TEST_TARGET_NAME = "EmojiArt-Multiplatform (macOS)";
			};
			name = Debug;
		};
		ECB6C99826D14555007D134C /* Release */ = {
			isa = XCBuildConfiguration;
			buildSettings = {
				ALWAYS_EMBED_SWIFT_STANDARD_LIBRARIES = YES;
				CODE_SIGN_STYLE = Automatic;
				COMBINE_HIDPI_IMAGES = YES;
				DEVELOPMENT_TEAM = R82LPA7ZRT;
				INFOPLIST_FILE = "Tests macOS/Info.plist";
				LD_RUNPATH_SEARCH_PATHS = (
					"$(inherited)",
					"@executable_path/../Frameworks",
					"@loader_path/../Frameworks",
				);
				MACOSX_DEPLOYMENT_TARGET = 11.3;
				PRODUCT_BUNDLE_IDENTIFIER = "com.jasonyangjizheng.Tests-macOS";
				PRODUCT_NAME = "$(TARGET_NAME)";
				SDKROOT = macosx;
				SWIFT_VERSION = 5.0;
				TEST_TARGET_NAME = "EmojiArt-Multiplatform (macOS)";
			};
			name = Release;
		};
/* End XCBuildConfiguration section */

/* Begin XCConfigurationList section */
		ECB6C95A26D14551007D134C /* Build configuration list for PBXProject "EmojiArt-Multiplatform" */ = {
			isa = XCConfigurationList;
			buildConfigurations = (
				ECB6C98B26D14555007D134C /* Debug */,
				ECB6C98C26D14555007D134C /* Release */,
			);
			defaultConfigurationIsVisible = 0;
			defaultConfigurationName = Release;
		};
		ECB6C98D26D14555007D134C /* Build configuration list for PBXNativeTarget "EmojiArt-Multiplatform (iOS)" */ = {
			isa = XCConfigurationList;
			buildConfigurations = (
				ECB6C98E26D14555007D134C /* Debug */,
				ECB6C98F26D14555007D134C /* Release */,
			);
			defaultConfigurationIsVisible = 0;
			defaultConfigurationName = Release;
		};
		ECB6C99026D14555007D134C /* Build configuration list for PBXNativeTarget "EmojiArt-Multiplatform (macOS)" */ = {
			isa = XCConfigurationList;
			buildConfigurations = (
				ECB6C99126D14555007D134C /* Debug */,
				ECB6C99226D14555007D134C /* Release */,
			);
			defaultConfigurationIsVisible = 0;
			defaultConfigurationName = Release;
		};
		ECB6C99326D14555007D134C /* Build configuration list for PBXNativeTarget "Tests iOS" */ = {
			isa = XCConfigurationList;
			buildConfigurations = (
				ECB6C99426D14555007D134C /* Debug */,
				ECB6C99526D14555007D134C /* Release */,
			);
			defaultConfigurationIsVisible = 0;
			defaultConfigurationName = Release;
		};
		ECB6C99626D14555007D134C /* Build configuration list for PBXNativeTarget "Tests macOS" */ = {
			isa = XCConfigurationList;
			buildConfigurations = (
				ECB6C99726D14555007D134C /* Debug */,
				ECB6C99826D14555007D134C /* Release */,
			);
			defaultConfigurationIsVisible = 0;
			defaultConfigurationName = Release;
		};
/* End XCConfigurationList section */
	};
	rootObject = ECB6C95726D14551007D134C /* Project object */;
}
